
Microsoft Visual Studio Solution File, Format Version 12.00
# Visual Studio 2017
Project("{FAE04EC0-301F-11D3-BF4B-00C04F79EFBC}") = "Coffee-less", "Coffee-less.csproj", "{F6B21CA2-53A4-452C-B8E1-A9E8689FB442}"
EndProject
Project("{FAE04EC0-301F-11D3-BF4B-00C04F79EFBC}") = "Coffee-less.Editor", "Coffee-less.Editor.csproj", "{4E5F69BA-76F0-5A97-795A-D8AEDE587BBC}"
EndProject
Global
	GlobalSection(SolutionConfigurationPlatforms) = preSolution
		Debug|Any CPU = Debug|Any CPU
		Release|Any CPU = Release|Any CPU
	EndGlobalSection
	GlobalSection(ProjectConfigurationPlatforms) = postSolution
		{F6B21CA2-53A4-452C-B8E1-A9E8689FB442}.Debug|Any CPU.ActiveCfg = Debug|Any CPU
		{F6B21CA2-53A4-452C-B8E1-A9E8689FB442}.Debug|Any CPU.Build.0 = Debug|Any CPU
		{F6B21CA2-53A4-452C-B8E1-A9E8689FB442}.Release|Any CPU.ActiveCfg = Release|Any CPU
		{F6B21CA2-53A4-452C-B8E1-A9E8689FB442}.Release|Any CPU.Build.0 = Release|Any CPU
		{4E5F69BA-76F0-5A97-795A-D8AEDE587BBC}.Debug|Any CPU.ActiveCfg = Debug|Any CPU
		{4E5F69BA-76F0-5A97-795A-D8AEDE587BBC}.Debug|Any CPU.Build.0 = Debug|Any CPU
		{4E5F69BA-76F0-5A97-795A-D8AEDE587BBC}.Release|Any CPU.ActiveCfg = Release|Any CPU
		{4E5F69BA-76F0-5A97-795A-D8AEDE587BBC}.Release|Any CPU.Build.0 = Release|Any CPU
	EndGlobalSection
	GlobalSection(SolutionProperties) = preSolution
		HideSolutionNode = FALSE
	EndGlobalSection
EndGlobal
