
Microsoft Visual Studio Solution File, Format Version 11.00
# Visual Studio 2010
Project("{FAE04EC0-301F-11D3-BF4B-00C04F79EFBC}") = "Coffee-less", "Assembly-CSharp.csproj", "{0349CD22-8244-2B8D-60F8-614CB55E9560}"
EndProject
Project("{FAE04EC0-301F-11D3-BF4B-00C04F79EFBC}") = "Coffee-less", "Assembly-CSharp-Editor.csproj", "{DFFDCC8A-D340-3582-1CB7-AF82E492ADAC}"
EndProject
Global
	GlobalSection(SolutionConfigurationPlatforms) = preSolution
		Debug|Any CPU = Debug|Any CPU
		Release|Any CPU = Release|Any CPU
	EndGlobalSection
	GlobalSection(ProjectConfigurationPlatforms) = postSolution
		{0349CD22-8244-2B8D-60F8-614CB55E9560}.Debug|Any CPU.ActiveCfg = Debug|Any CPU
		{0349CD22-8244-2B8D-60F8-614CB55E9560}.Debug|Any CPU.Build.0 = Debug|Any CPU
		{0349CD22-8244-2B8D-60F8-614CB55E9560}.Release|Any CPU.ActiveCfg = Release|Any CPU
		{0349CD22-8244-2B8D-60F8-614CB55E9560}.Release|Any CPU.Build.0 = Release|Any CPU
		{DFFDCC8A-D340-3582-1CB7-AF82E492ADAC}.Debug|Any CPU.ActiveCfg = Debug|Any CPU
		{DFFDCC8A-D340-3582-1CB7-AF82E492ADAC}.Debug|Any CPU.Build.0 = Debug|Any CPU
		{DFFDCC8A-D340-3582-1CB7-AF82E492ADAC}.Release|Any CPU.ActiveCfg = Release|Any CPU
		{DFFDCC8A-D340-3582-1CB7-AF82E492ADAC}.Release|Any CPU.Build.0 = Release|Any CPU
	EndGlobalSection
	GlobalSection(SolutionProperties) = preSolution
		HideSolutionNode = FALSE
	EndGlobalSection
	GlobalSection(MonoDevelopProperties) = preSolution
		StartupItem = Assembly-CSharp.csproj
	EndGlobalSection
EndGlobal
